PODS:
  - CaptureReceipt (0.2.0):
    - TikiSdkDebug (= 3.0.0)
    - TikiSdkRelease (= 3.0.0)
  - TikiSdkDebug (3.0.0)
  - TikiSdkRelease (3.0.0)

DEPENDENCIES:
  - CaptureReceipt (from `../`)
  - TikiSdkDebug (= 3.0.0)
  - TikiSdkRelease (= 3.0.0)

SPEC REPOS:
  trunk:
    - TikiSdkDebug
    - TikiSdkRelease

EXTERNAL SOURCES:
  CaptureReceipt:
    :path: "../"

SPEC CHECKSUMS:
  CaptureReceipt: 63319c72c1b7c86a5e054fde9da0b5c2486390ae
  TikiSdkDebug: 85a41ce306804d45014345fb12ed4f34b83defe0
  TikiSdkRelease: 5979b718bf1776d1d9e66fbd503aed531f9e4d0d

PODFILE CHECKSUM: 17ec186e4cbdad28b24afd07c81d578a17d13af2

COCOAPODS: 1.14.3
