PODS:
  - AppAuth (1.6.2):
    - AppAuth/Core (= 1.6.2)
    - AppAuth/ExternalUserAgent (= 1.6.2)
  - AppAuth/Core (1.6.2)
  - AppAuth/ExternalUserAgent (1.6.2):
    - AppAuth/Core
  - CaptureReceipt (0.2.0):
    - AppAuth
    - TikiSdkDebug (= 3.0.0)
    - TikiSdkRelease (= 3.0.0)
  - TikiSdkDebug (3.0.0)
  - TikiSdkRelease (3.0.0)

DEPENDENCIES:
  - AppAuth
  - CaptureReceipt (from `../`)
  - TikiSdkDebug (= 3.0.0)
  - TikiSdkRelease (= 3.0.0)

SPEC REPOS:
  trunk:
    - AppAuth
    - TikiSdkDebug
    - TikiSdkRelease

EXTERNAL SOURCES:
  CaptureReceipt:
    :path: "../"

SPEC CHECKSUMS:
  AppAuth: 3bb1d1cd9340bd09f5ed189fb00b1cc28e1e8570
  CaptureReceipt: cf6b460d82319f300063251fbcff72ddd3234ed3
  TikiSdkDebug: 85a41ce306804d45014345fb12ed4f34b83defe0
  TikiSdkRelease: 5979b718bf1776d1d9e66fbd503aed531f9e4d0d

PODFILE CHECKSUM: 1cf7e84847989d2d8d2b35935ee6f9fbbe9ee223

COCOAPODS: 1.12.1
